
Microsoft Visual Studio Solution File, Format Version 12.00
# Visual Studio 15
VisualStudioVersion = 15.0.26430.13
MinimumVisualStudioVersion = 10.0.40219.1
Project("{FAE04EC0-301F-11D3-BF4B-00C04F79EFBC}") = "ScintillaNET.WPF", "ScintillaNET.WPF\ScintillaNET.WPF.csproj", "{BD57B012-822B-4C74-95B8-8254B320CAF3}"
EndProject
Project("{FAE04EC0-301F-11D3-BF4B-00C04F79EFBC}") = "SCide.WPF", "SCide.WPF\SCide.WPF.csproj", "{1506D901-20A1-46E9-BFE6-1C8496D394E5}"
EndProject
Global
	GlobalSection(SolutionConfigurationPlatforms) = preSolution
		Debug|Any CPU = Debug|Any CPU
		Release|Any CPU = Release|Any CPU
		Signed|Any CPU = Signed|Any CPU
	EndGlobalSection
	GlobalSection(ProjectConfigurationPlatforms) = postSolution
		{BD57B012-822B-4C74-95B8-8254B320CAF3}.Debug|Any CPU.ActiveCfg = Debug|Any CPU
		{BD57B012-822B-4C74-95B8-8254B320CAF3}.Debug|Any CPU.Build.0 = Debug|Any CPU
		{BD57B012-822B-4C74-95B8-8254B320CAF3}.Release|Any CPU.ActiveCfg = Release|Any CPU
		{BD57B012-822B-4C74-95B8-8254B320CAF3}.Release|Any CPU.Build.0 = Release|Any CPU
		{BD57B012-822B-4C74-95B8-8254B320CAF3}.Signed|Any CPU.ActiveCfg = Release|Any CPU
		{BD57B012-822B-4C74-95B8-8254B320CAF3}.Signed|Any CPU.Build.0 = Release|Any CPU
		{1506D901-20A1-46E9-BFE6-1C8496D394E5}.Debug|Any CPU.ActiveCfg = Debug|Any CPU
		{1506D901-20A1-46E9-BFE6-1C8496D394E5}.Debug|Any CPU.Build.0 = Debug|Any CPU
		{1506D901-20A1-46E9-BFE6-1C8496D394E5}.Release|Any CPU.ActiveCfg = Release|Any CPU
		{1506D901-20A1-46E9-BFE6-1C8496D394E5}.Release|Any CPU.Build.0 = Release|Any CPU
		{1506D901-20A1-46E9-BFE6-1C8496D394E5}.Signed|Any CPU.ActiveCfg = Release|Any CPU
		{1506D901-20A1-46E9-BFE6-1C8496D394E5}.Signed|Any CPU.Build.0 = Release|Any CPU
	EndGlobalSection
	GlobalSection(SolutionProperties) = preSolution
		HideSolutionNode = FALSE
	EndGlobalSection
EndGlobal
